# AMP XP v1.18.7 direct production dependency lock.
# Generated/curated for the 2026-10-07 reproducible baseline.
# CI must install and audit this file. Do not edit without updating requirements.in.
aiogram==3.31.0
SQLAlchemy==2.1.3
greenlet==3.5.6
aiosqlite==0.22.1
asyncpg==0.32.0
python-dotenv==1.2.4
qrcode[pil]==8.2
Pillow==12.3.0
openpyxl==3.1.5
python-docx==1.2.0
fastapi==0.142.2
uvicorn[standard]==0.53.0
jinja2==3.1.6
python-multipart==0.0.32
itsdangerous==2.2.0
matplotlib==3.11.2
cryptography==50.0.2
alembic==1.20.0
sentry-sdk[fastapi]==2.71.0
